// !$*UTF8*$!
{
	archiveVersion = 1;
	classes = {
	};
	objectVersion = 56;
	objects = {

/* Begin PBXBuildFile section */
		000000000000000000000010 /* PipaTunerApp.swift in Sources */ = {isa = PBXBuildFile; fileRef = 000000000000000000000009 /* PipaTunerApp.swift */; };
		000000000000000000000011 /* ContentView.swift in Sources */ = {isa = PBXBuildFile; fileRef = 00000000000000000000000A /* ContentView.swift */; };
		000000000000000000000012 /* TunerViewModel.swift in Sources */ = {isa = PBXBuildFile; fileRef = 00000000000000000000000B /* TunerViewModel.swift */; };
		000000000000000000000013 /* TuningModel.swift in Sources */ = {isa = PBXBuildFile; fileRef = 00000000000000000000000C /* TuningModel.swift */; };
		000000000000000000000014 /* PitchDetectionEngine.swift in Sources */ = {isa = PBXBuildFile; fileRef = 00000000000000000000000D /* PitchDetectionEngine.swift */; };
		000000000000000000000048 /* TuningSessionCoordinator.swift in Sources */ = {isa = PBXBuildFile; fileRef = 000000000000000000000049 /* TuningSessionCoordinator.swift */; };
		00000000000000000000004A /* TunerDiagnosticsModels.swift in Sources */ = {isa = PBXBuildFile; fileRef = 00000000000000000000004B /* TunerDiagnosticsModels.swift */; };
		00000000000000000000004C /* AudioRecorder.swift in Sources */ = {isa = PBXBuildFile; fileRef = 00000000000000000000004D /* AudioRecorder.swift */; };
		00000000000000000000005C /* TunerAudioController.swift in Sources */ = {isa = PBXBuildFile; fileRef = 00000000000000000000005D /* TunerAudioController.swift */; };
		00000000000000000000004E /* AutoStringClassifier.swift in Sources */ = {isa = PBXBuildFile; fileRef = 00000000000000000000004F /* AutoStringClassifier.swift */; };
		000000000000000000000058 /* AutoTargetResolver.swift in Sources */ = {isa = PBXBuildFile; fileRef = 000000000000000000000059 /* AutoTargetResolver.swift */; };
		00000000000000000000006C /* AutoTuningTargetSelector.swift in Sources */ = {isa = PBXBuildFile; fileRef = 00000000000000000000006D /* AutoTuningTargetSelector.swift */; };
		000000000000000000000050 /* TunerDiagnosticsRecorder.swift in Sources */ = {isa = PBXBuildFile; fileRef = 000000000000000000000051 /* TunerDiagnosticsRecorder.swift */; };
		00000000000000000000006E /* TunerDiagnosticsReporter.swift in Sources */ = {isa = PBXBuildFile; fileRef = 00000000000000000000006F /* TunerDiagnosticsReporter.swift */; };
		000000000000000000000052 /* TunerPresentationFormatter.swift in Sources */ = {isa = PBXBuildFile; fileRef = 000000000000000000000053 /* TunerPresentationFormatter.swift */; };
		000000000000000000000054 /* TargetPitchNormalizer.swift in Sources */ = {isa = PBXBuildFile; fileRef = 000000000000000000000055 /* TargetPitchNormalizer.swift */; };
		000000000000000000000056 /* TuningFrameProcessor.swift in Sources */ = {isa = PBXBuildFile; fileRef = 000000000000000000000057 /* TuningFrameProcessor.swift */; };
		00000000000000000000005A /* TuningReadoutPresenter.swift in Sources */ = {isa = PBXBuildFile; fileRef = 00000000000000000000005B /* TuningReadoutPresenter.swift */; };
		00000000000000000000006A /* TunerStatusPresenter.swift in Sources */ = {isa = PBXBuildFile; fileRef = 00000000000000000000006B /* TunerStatusPresenter.swift */; };
		00000000000000000000003E /* TunerConfiguration.swift in Sources */ = {isa = PBXBuildFile; fileRef = 00000000000000000000003F /* TunerConfiguration.swift */; };
		000000000000000000000032 /* TunerTheme.swift in Sources */ = {isa = PBXBuildFile; fileRef = 000000000000000000000033 /* TunerTheme.swift */; };
		000000000000000000000034 /* TunerSharedComponents.swift in Sources */ = {isa = PBXBuildFile; fileRef = 000000000000000000000035 /* TunerSharedComponents.swift */; };
		000000000000000000000036 /* TunerCards.swift in Sources */ = {isa = PBXBuildFile; fileRef = 000000000000000000000037 /* TunerCards.swift */; };
		000000000000000000000038 /* TunerStage.swift in Sources */ = {isa = PBXBuildFile; fileRef = 000000000000000000000039 /* TunerStage.swift */; };
		00000000000000000000003A /* CompactDashboard.swift in Sources */ = {isa = PBXBuildFile; fileRef = 00000000000000000000003B /* CompactDashboard.swift */; };
		000000000000000000000040 /* TunerActionComponents.swift in Sources */ = {isa = PBXBuildFile; fileRef = 000000000000000000000041 /* TunerActionComponents.swift */; };
		000000000000000000000042 /* TunerDiagnosticsViews.swift in Sources */ = {isa = PBXBuildFile; fileRef = 000000000000000000000043 /* TunerDiagnosticsViews.swift */; };
		000000000000000000000044 /* CompactPanels.swift in Sources */ = {isa = PBXBuildFile; fileRef = 000000000000000000000045 /* CompactPanels.swift */; };
		000000000000000000000046 /* CompactDeviationPanel.swift in Sources */ = {isa = PBXBuildFile; fileRef = 000000000000000000000047 /* CompactDeviationPanel.swift */; };
		000000000000000000000070 /* PipaBackdrop.swift in Sources */ = {isa = PBXBuildFile; fileRef = 000000000000000000000072 /* PipaBackdrop.swift */; };
		000000000000000000000071 /* NativeStringSegmentedControl.swift in Sources */ = {isa = PBXBuildFile; fileRef = 000000000000000000000073 /* NativeStringSegmentedControl.swift */; };
		000000000000000000000020 /* PipaTunerTests.swift in Sources */ = {isa = PBXBuildFile; fileRef = 000000000000000000000021 /* PipaTunerTests.swift */; };
		000000000000000000000060 /* PipaTunerModelTests.swift in Sources */ = {isa = PBXBuildFile; fileRef = 000000000000000000000061 /* PipaTunerModelTests.swift */; };
		000000000000000000000062 /* TunerViewModelManualTests.swift in Sources */ = {isa = PBXBuildFile; fileRef = 000000000000000000000063 /* TunerViewModelManualTests.swift */; };
		000000000000000000000064 /* TunerViewModelAutoTests.swift in Sources */ = {isa = PBXBuildFile; fileRef = 000000000000000000000065 /* TunerViewModelAutoTests.swift */; };
		000000000000000000000066 /* TunerDiagnosticsTests.swift in Sources */ = {isa = PBXBuildFile; fileRef = 000000000000000000000067 /* TunerDiagnosticsTests.swift */; };
		000000000000000000000068 /* TunerAlgorithmTests.swift in Sources */ = {isa = PBXBuildFile; fileRef = 000000000000000000000069 /* TunerAlgorithmTests.swift */; };
		A10000000000000000000001 /* Assets.xcassets in Resources */ = {isa = PBXBuildFile; fileRef = A10000000000000000000002 /* Assets.xcassets */; };
/* End PBXBuildFile section */

/* Begin PBXContainerItemProxy section */
		00000000000000000000002A /* PBXContainerItemProxy */ = {
			isa = PBXContainerItemProxy;
			containerPortal = 000000000000000000000000 /* Project object */;
			proxyType = 1;
			remoteGlobalIDString = 000000000000000000000005;
			remoteInfo = PipaTuner;
		};
/* End PBXContainerItemProxy section */

/* Begin PBXFileReference section */
		000000000000000000000009 /* PipaTunerApp.swift */ = {isa = PBXFileReference; lastKnownFileType = sourcecode.swift; path = PipaTunerApp.swift; sourceTree = "<group>"; };
		00000000000000000000000A /* ContentView.swift */ = {isa = PBXFileReference; lastKnownFileType = sourcecode.swift; path = ContentView.swift; sourceTree = "<group>"; };
		00000000000000000000000B /* TunerViewModel.swift */ = {isa = PBXFileReference; lastKnownFileType = sourcecode.swift; path = TunerViewModel.swift; sourceTree = "<group>"; };
		00000000000000000000000C /* TuningModel.swift */ = {isa = PBXFileReference; lastKnownFileType = sourcecode.swift; path = TuningModel.swift; sourceTree = "<group>"; };
		00000000000000000000000D /* PitchDetectionEngine.swift */ = {isa = PBXFileReference; lastKnownFileType = sourcecode.swift; path = PitchDetectionEngine.swift; sourceTree = "<group>"; };
		000000000000000000000049 /* TuningSessionCoordinator.swift */ = {isa = PBXFileReference; lastKnownFileType = sourcecode.swift; path = TuningSessionCoordinator.swift; sourceTree = "<group>"; };
		00000000000000000000004B /* TunerDiagnosticsModels.swift */ = {isa = PBXFileReference; lastKnownFileType = sourcecode.swift; path = TunerDiagnosticsModels.swift; sourceTree = "<group>"; };
		00000000000000000000004D /* AudioRecorder.swift */ = {isa = PBXFileReference; lastKnownFileType = sourcecode.swift; path = AudioRecorder.swift; sourceTree = "<group>"; };
		00000000000000000000005D /* TunerAudioController.swift */ = {isa = PBXFileReference; lastKnownFileType = sourcecode.swift; path = TunerAudioController.swift; sourceTree = "<group>"; };
		00000000000000000000004F /* AutoStringClassifier.swift */ = {isa = PBXFileReference; lastKnownFileType = sourcecode.swift; path = AutoStringClassifier.swift; sourceTree = "<group>"; };
		000000000000000000000059 /* AutoTargetResolver.swift */ = {isa = PBXFileReference; lastKnownFileType = sourcecode.swift; path = AutoTargetResolver.swift; sourceTree = "<group>"; };
		00000000000000000000006D /* AutoTuningTargetSelector.swift */ = {isa = PBXFileReference; lastKnownFileType = sourcecode.swift; path = AutoTuningTargetSelector.swift; sourceTree = "<group>"; };
		000000000000000000000051 /* TunerDiagnosticsRecorder.swift */ = {isa = PBXFileReference; lastKnownFileType = sourcecode.swift; path = TunerDiagnosticsRecorder.swift; sourceTree = "<group>"; };
		00000000000000000000006F /* TunerDiagnosticsReporter.swift */ = {isa = PBXFileReference; lastKnownFileType = sourcecode.swift; path = TunerDiagnosticsReporter.swift; sourceTree = "<group>"; };
		000000000000000000000053 /* TunerPresentationFormatter.swift */ = {isa = PBXFileReference; lastKnownFileType = sourcecode.swift; path = TunerPresentationFormatter.swift; sourceTree = "<group>"; };
		000000000000000000000055 /* TargetPitchNormalizer.swift */ = {isa = PBXFileReference; lastKnownFileType = sourcecode.swift; path = TargetPitchNormalizer.swift; sourceTree = "<group>"; };
		000000000000000000000057 /* TuningFrameProcessor.swift */ = {isa = PBXFileReference; lastKnownFileType = sourcecode.swift; path = TuningFrameProcessor.swift; sourceTree = "<group>"; };
		00000000000000000000005B /* TuningReadoutPresenter.swift */ = {isa = PBXFileReference; lastKnownFileType = sourcecode.swift; path = TuningReadoutPresenter.swift; sourceTree = "<group>"; };
		00000000000000000000006B /* TunerStatusPresenter.swift */ = {isa = PBXFileReference; lastKnownFileType = sourcecode.swift; path = TunerStatusPresenter.swift; sourceTree = "<group>"; };
		00000000000000000000003F /* TunerConfiguration.swift */ = {isa = PBXFileReference; lastKnownFileType = sourcecode.swift; path = TunerConfiguration.swift; sourceTree = "<group>"; };
		000000000000000000000033 /* TunerTheme.swift */ = {isa = PBXFileReference; lastKnownFileType = sourcecode.swift; path = TunerTheme.swift; sourceTree = "<group>"; };
		000000000000000000000035 /* TunerSharedComponents.swift */ = {isa = PBXFileReference; lastKnownFileType = sourcecode.swift; path = TunerSharedComponents.swift; sourceTree = "<group>"; };
		000000000000000000000037 /* TunerCards.swift */ = {isa = PBXFileReference; lastKnownFileType = sourcecode.swift; path = TunerCards.swift; sourceTree = "<group>"; };
		000000000000000000000039 /* TunerStage.swift */ = {isa = PBXFileReference; lastKnownFileType = sourcecode.swift; path = TunerStage.swift; sourceTree = "<group>"; };
		00000000000000000000003B /* CompactDashboard.swift */ = {isa = PBXFileReference; lastKnownFileType = sourcecode.swift; path = CompactDashboard.swift; sourceTree = "<group>"; };
		000000000000000000000041 /* TunerActionComponents.swift */ = {isa = PBXFileReference; lastKnownFileType = sourcecode.swift; path = TunerActionComponents.swift; sourceTree = "<group>"; };
		000000000000000000000043 /* TunerDiagnosticsViews.swift */ = {isa = PBXFileReference; lastKnownFileType = sourcecode.swift; path = TunerDiagnosticsViews.swift; sourceTree = "<group>"; };
		000000000000000000000045 /* CompactPanels.swift */ = {isa = PBXFileReference; lastKnownFileType = sourcecode.swift; path = CompactPanels.swift; sourceTree = "<group>"; };
		000000000000000000000047 /* CompactDeviationPanel.swift */ = {isa = PBXFileReference; lastKnownFileType = sourcecode.swift; path = CompactDeviationPanel.swift; sourceTree = "<group>"; };
		000000000000000000000072 /* PipaBackdrop.swift */ = {isa = PBXFileReference; lastKnownFileType = sourcecode.swift; path = PipaBackdrop.swift; sourceTree = "<group>"; };
		000000000000000000000073 /* NativeStringSegmentedControl.swift */ = {isa = PBXFileReference; lastKnownFileType = sourcecode.swift; path = NativeStringSegmentedControl.swift; sourceTree = "<group>"; };
		00000000000000000000000E /* Info.plist */ = {isa = PBXFileReference; lastKnownFileType = text.plist.xml; path = Info.plist; sourceTree = "<group>"; };
		00000000000000000000000F /* PipaTuner.app */ = {isa = PBXFileReference; explicitFileType = wrapper.application; path = PipaTuner.app; sourceTree = BUILT_PRODUCTS_DIR; };
		000000000000000000000021 /* PipaTunerTests.swift */ = {isa = PBXFileReference; lastKnownFileType = sourcecode.swift; path = PipaTunerTests.swift; sourceTree = "<group>"; };
		000000000000000000000061 /* PipaTunerModelTests.swift */ = {isa = PBXFileReference; lastKnownFileType = sourcecode.swift; path = PipaTunerModelTests.swift; sourceTree = "<group>"; };
		000000000000000000000063 /* TunerViewModelManualTests.swift */ = {isa = PBXFileReference; lastKnownFileType = sourcecode.swift; path = TunerViewModelManualTests.swift; sourceTree = "<group>"; };
		000000000000000000000065 /* TunerViewModelAutoTests.swift */ = {isa = PBXFileReference; lastKnownFileType = sourcecode.swift; path = TunerViewModelAutoTests.swift; sourceTree = "<group>"; };
		000000000000000000000067 /* TunerDiagnosticsTests.swift */ = {isa = PBXFileReference; lastKnownFileType = sourcecode.swift; path = TunerDiagnosticsTests.swift; sourceTree = "<group>"; };
		000000000000000000000069 /* TunerAlgorithmTests.swift */ = {isa = PBXFileReference; lastKnownFileType = sourcecode.swift; path = TunerAlgorithmTests.swift; sourceTree = "<group>"; };
		8950859E2FD40BDC00B34C50 /* PipaTunerTests.xctest */ = {isa = PBXFileReference; explicitFileType = wrapper.cfbundle; includeInIndex = 0; path = PipaTunerTests.xctest; sourceTree = BUILT_PRODUCTS_DIR; };
		A10000000000000000000002 /* Assets.xcassets */ = {isa = PBXFileReference; lastKnownFileType = folder.assetcatalog; path = Assets.xcassets; sourceTree = "<group>"; };
/* End PBXFileReference section */

/* Begin PBXFrameworksBuildPhase section */
		000000000000000000000007 /* Frameworks */ = {
			isa = PBXFrameworksBuildPhase;
			buildActionMask = 2147483647;
			files = (
			);
			runOnlyForDeploymentPostprocessing = 0;
		};
		000000000000000000000027 /* Frameworks */ = {
			isa = PBXFrameworksBuildPhase;
			buildActionMask = 2147483647;
			files = (
			);
			runOnlyForDeploymentPostprocessing = 0;
		};
/* End PBXFrameworksBuildPhase section */

/* Begin PBXGroup section */
		000000000000000000000001 /* PipaTuner */ = {
			isa = PBXGroup;
			children = (
				000000000000000000000015 /* App */,
				000000000000000000000016 /* ViewModels */,
				000000000000000000000017 /* Models */,
				000000000000000000000018 /* Services */,
				000000000000000000000019 /* Views */,
				A10000000000000000000002 /* Assets.xcassets */,
				00000000000000000000000E /* Info.plist */,
			);
			path = PipaTuner;
			sourceTree = "<group>";
		};
		000000000000000000000002 = {
			isa = PBXGroup;
			children = (
				000000000000000000000001 /* PipaTuner */,
				000000000000000000000023 /* PipaTunerTests */,
				000000000000000000000004 /* Products */,
			);
			sourceTree = "<group>";
		};
		000000000000000000000004 /* Products */ = {
			isa = PBXGroup;
			children = (
				00000000000000000000000F /* PipaTuner.app */,
				8950859E2FD40BDC00B34C50 /* PipaTunerTests.xctest */,
			);
			name = Products;
			sourceTree = "<group>";
		};
		000000000000000000000015 /* App */ = {
			isa = PBXGroup;
			children = (
				000000000000000000000009 /* PipaTunerApp.swift */,
			);
			path = App;
			sourceTree = "<group>";
		};
		000000000000000000000016 /* ViewModels */ = {
			isa = PBXGroup;
			children = (
				00000000000000000000000B /* TunerViewModel.swift */,
			);
			path = ViewModels;
			sourceTree = "<group>";
		};
		000000000000000000000017 /* Models */ = {
			isa = PBXGroup;
			children = (
				00000000000000000000000C /* TuningModel.swift */,
				00000000000000000000004B /* TunerDiagnosticsModels.swift */,
				00000000000000000000003F /* TunerConfiguration.swift */,
			);
			path = Models;
			sourceTree = "<group>";
		};
		000000000000000000000018 /* Services */ = {
			isa = PBXGroup;
			children = (
				00000000000000000000000D /* PitchDetectionEngine.swift */,
				00000000000000000000004D /* AudioRecorder.swift */,
				00000000000000000000005D /* TunerAudioController.swift */,
				00000000000000000000004F /* AutoStringClassifier.swift */,
				000000000000000000000059 /* AutoTargetResolver.swift */,
				00000000000000000000006D /* AutoTuningTargetSelector.swift */,
				000000000000000000000051 /* TunerDiagnosticsRecorder.swift */,
				00000000000000000000006F /* TunerDiagnosticsReporter.swift */,
				000000000000000000000053 /* TunerPresentationFormatter.swift */,
				000000000000000000000055 /* TargetPitchNormalizer.swift */,
				000000000000000000000057 /* TuningFrameProcessor.swift */,
				00000000000000000000005B /* TuningReadoutPresenter.swift */,
				00000000000000000000006B /* TunerStatusPresenter.swift */,
				000000000000000000000049 /* TuningSessionCoordinator.swift */,
			);
			path = Services;
			sourceTree = "<group>";
		};
		000000000000000000000019 /* Views */ = {
			isa = PBXGroup;
			children = (
				00000000000000000000000A /* ContentView.swift */,
				000000000000000000000033 /* TunerTheme.swift */,
				00000000000000000000003C /* Components */,
				00000000000000000000003D /* Compact */,
			);
			path = Views;
			sourceTree = "<group>";
		};
		00000000000000000000003C /* Components */ = {
			isa = PBXGroup;
			children = (
				000000000000000000000035 /* TunerSharedComponents.swift */,
				000000000000000000000037 /* TunerCards.swift */,
				000000000000000000000039 /* TunerStage.swift */,
				000000000000000000000041 /* TunerActionComponents.swift */,
				000000000000000000000072 /* PipaBackdrop.swift */,
				000000000000000000000073 /* NativeStringSegmentedControl.swift */,
				000000000000000000000043 /* TunerDiagnosticsViews.swift */,
			);
			path = Components;
			sourceTree = "<group>";
		};
		00000000000000000000003D /* Compact */ = {
			isa = PBXGroup;
			children = (
				00000000000000000000003B /* CompactDashboard.swift */,
				000000000000000000000045 /* CompactPanels.swift */,
				000000000000000000000047 /* CompactDeviationPanel.swift */,
			);
			path = Compact;
			sourceTree = "<group>";
		};
		000000000000000000000023 /* PipaTunerTests */ = {
			isa = PBXGroup;
			children = (
				000000000000000000000021 /* PipaTunerTests.swift */,
				000000000000000000000061 /* PipaTunerModelTests.swift */,
				000000000000000000000063 /* TunerViewModelManualTests.swift */,
				000000000000000000000065 /* TunerViewModelAutoTests.swift */,
				000000000000000000000067 /* TunerDiagnosticsTests.swift */,
				000000000000000000000069 /* TunerAlgorithmTests.swift */,
			);
			path = PipaTunerTests;
			sourceTree = "<group>";
		};
/* End PBXGroup section */

/* Begin PBXNativeTarget section */
		000000000000000000000005 /* PipaTuner */ = {
			isa = PBXNativeTarget;
			buildConfigurationList = 00000000000000000000001A /* Build configuration list for PBXNativeTarget "PipaTuner" */;
			buildPhases = (
				000000000000000000000006 /* Sources */,
				000000000000000000000007 /* Frameworks */,
				000000000000000000000008 /* Resources */,
			);
			buildRules = (
			);
			dependencies = (
			);
			name = PipaTuner;
			productName = PipaTuner;
			productReference = 00000000000000000000000F /* PipaTuner.app */;
			productType = "com.apple.product-type.application";
		};
		000000000000000000000024 /* PipaTunerTests */ = {
			isa = PBXNativeTarget;
			buildConfigurationList = 000000000000000000000025 /* Build configuration list for PBXNativeTarget "PipaTunerTests" */;
			buildPhases = (
				000000000000000000000026 /* Sources */,
				000000000000000000000027 /* Frameworks */,
				000000000000000000000028 /* Resources */,
			);
			buildRules = (
			);
			dependencies = (
				000000000000000000000029 /* PBXTargetDependency */,
			);
			name = PipaTunerTests;
			productName = PipaTunerTests;
			productReference = 8950859E2FD40BDC00B34C50 /* PipaTunerTests.xctest */;
			productType = "com.apple.product-type.bundle.unit-test";
		};
/* End PBXNativeTarget section */

/* Begin PBXProject section */
		000000000000000000000000 /* Project object */ = {
			isa = PBXProject;
			attributes = {
				LastSwiftUpdateCheck = 1600;
				LastUpgradeCheck = 1600;
				TargetAttributes = {
					000000000000000000000005 = {
						CreatedOnToolsVersion = 16.0;
					};
				};
			};
			buildConfigurationList = 00000000000000000000001B /* Build configuration list for PBXProject "PipaTuner" */;
			compatibilityVersion = "Xcode 14.0";
			developmentRegion = en;
			hasScannedForEncodings = 0;
			knownRegions = (
				en,
				Base,
			);
			mainGroup = 000000000000000000000002;
			productRefGroup = 000000000000000000000004 /* Products */;
			projectDirPath = "";
			projectRoot = "";
			targets = (
				000000000000000000000005 /* PipaTuner */,
				000000000000000000000024 /* PipaTunerTests */,
			);
		};
/* End PBXProject section */

/* Begin PBXResourcesBuildPhase section */
		000000000000000000000008 /* Resources */ = {
			isa = PBXResourcesBuildPhase;
			buildActionMask = 2147483647;
			files = (
				A10000000000000000000001 /* Assets.xcassets in Resources */,
			);
			runOnlyForDeploymentPostprocessing = 0;
		};
		000000000000000000000028 /* Resources */ = {
			isa = PBXResourcesBuildPhase;
			buildActionMask = 2147483647;
			files = (
			);
			runOnlyForDeploymentPostprocessing = 0;
		};
/* End PBXResourcesBuildPhase section */

/* Begin PBXSourcesBuildPhase section */
		000000000000000000000006 /* Sources */ = {
			isa = PBXSourcesBuildPhase;
			buildActionMask = 2147483647;
			files = (
				000000000000000000000010 /* PipaTunerApp.swift in Sources */,
				000000000000000000000011 /* ContentView.swift in Sources */,
				000000000000000000000012 /* TunerViewModel.swift in Sources */,
				000000000000000000000013 /* TuningModel.swift in Sources */,
				00000000000000000000004A /* TunerDiagnosticsModels.swift in Sources */,
				000000000000000000000014 /* PitchDetectionEngine.swift in Sources */,
				00000000000000000000004C /* AudioRecorder.swift in Sources */,
				00000000000000000000005C /* TunerAudioController.swift in Sources */,
				00000000000000000000004E /* AutoStringClassifier.swift in Sources */,
				000000000000000000000058 /* AutoTargetResolver.swift in Sources */,
				00000000000000000000006C /* AutoTuningTargetSelector.swift in Sources */,
				000000000000000000000050 /* TunerDiagnosticsRecorder.swift in Sources */,
				00000000000000000000006E /* TunerDiagnosticsReporter.swift in Sources */,
				000000000000000000000052 /* TunerPresentationFormatter.swift in Sources */,
				000000000000000000000054 /* TargetPitchNormalizer.swift in Sources */,
				000000000000000000000056 /* TuningFrameProcessor.swift in Sources */,
				00000000000000000000005A /* TuningReadoutPresenter.swift in Sources */,
				00000000000000000000006A /* TunerStatusPresenter.swift in Sources */,
				000000000000000000000048 /* TuningSessionCoordinator.swift in Sources */,
				00000000000000000000003E /* TunerConfiguration.swift in Sources */,
				000000000000000000000032 /* TunerTheme.swift in Sources */,
				000000000000000000000034 /* TunerSharedComponents.swift in Sources */,
				000000000000000000000036 /* TunerCards.swift in Sources */,
				000000000000000000000038 /* TunerStage.swift in Sources */,
				000000000000000000000040 /* TunerActionComponents.swift in Sources */,
				000000000000000000000070 /* PipaBackdrop.swift in Sources */,
				000000000000000000000071 /* NativeStringSegmentedControl.swift in Sources */,
				000000000000000000000042 /* TunerDiagnosticsViews.swift in Sources */,
				00000000000000000000003A /* CompactDashboard.swift in Sources */,
				000000000000000000000044 /* CompactPanels.swift in Sources */,
				000000000000000000000046 /* CompactDeviationPanel.swift in Sources */,
			);
			runOnlyForDeploymentPostprocessing = 0;
		};
		000000000000000000000026 /* Sources */ = {
			isa = PBXSourcesBuildPhase;
			buildActionMask = 2147483647;
			files = (
				000000000000000000000020 /* PipaTunerTests.swift in Sources */,
				000000000000000000000060 /* PipaTunerModelTests.swift in Sources */,
				000000000000000000000062 /* TunerViewModelManualTests.swift in Sources */,
				000000000000000000000064 /* TunerViewModelAutoTests.swift in Sources */,
				000000000000000000000066 /* TunerDiagnosticsTests.swift in Sources */,
				000000000000000000000068 /* TunerAlgorithmTests.swift in Sources */,
			);
			runOnlyForDeploymentPostprocessing = 0;
		};
/* End PBXSourcesBuildPhase section */

/* Begin PBXTargetDependency section */
		000000000000000000000029 /* PBXTargetDependency */ = {
			isa = PBXTargetDependency;
			target = 000000000000000000000005 /* PipaTuner */;
			targetProxy = 00000000000000000000002A /* PBXContainerItemProxy */;
		};
/* End PBXTargetDependency section */

/* Begin XCBuildConfiguration section */
		00000000000000000000001C /* Debug */ = {
			isa = XCBuildConfiguration;
			buildSettings = {
				CLANG_ENABLE_MODULES = YES;
				CODE_SIGN_STYLE = Automatic;
				CURRENT_PROJECT_VERSION = 1;
				DEVELOPMENT_TEAM = "";
				GENERATE_INFOPLIST_FILE = NO;
				IPHONEOS_DEPLOYMENT_TARGET = 16.0;
				MARKETING_VERSION = 1.0;
				SDKROOT = iphoneos;
				SWIFT_VERSION = 5.0;
				TARGETED_DEVICE_FAMILY = 1;
			};
			name = Debug;
		};
		00000000000000000000001D /* Release */ = {
			isa = XCBuildConfiguration;
			buildSettings = {
				CLANG_ENABLE_MODULES = YES;
				CODE_SIGN_STYLE = Automatic;
				CURRENT_PROJECT_VERSION = 1;
				DEVELOPMENT_TEAM = "";
				GENERATE_INFOPLIST_FILE = NO;
				IPHONEOS_DEPLOYMENT_TARGET = 16.0;
				MARKETING_VERSION = 1.0;
				SDKROOT = iphoneos;
				SWIFT_VERSION = 5.0;
				TARGETED_DEVICE_FAMILY = 1;
			};
			name = Release;
		};
		00000000000000000000001E /* Debug */ = {
			isa = XCBuildConfiguration;
			buildSettings = {
				ASSETCATALOG_COMPILER_GENERATE_SWIFT_ASSET_SYMBOL_EXTENSIONS = YES;
				CLANG_ENABLE_MODULES = YES;
				CODE_SIGN_STYLE = Automatic;
				CURRENT_PROJECT_VERSION = 1;
				DEVELOPMENT_TEAM = HZX4MW4V4G;
				ENABLE_TESTABILITY = YES;
				GENERATE_INFOPLIST_FILE = NO;
				INFOPLIST_FILE = PipaTuner/Info.plist;
				IPHONEOS_DEPLOYMENT_TARGET = 16.0;
				MARKETING_VERSION = 1.0;
				PRODUCT_BUNDLE_IDENTIFIER = com.jclp3827.jiaoao;
				PRODUCT_NAME = "$(TARGET_NAME)";
				SDKROOT = iphoneos;
				SWIFT_ACTIVE_COMPILATION_CONDITIONS = "DEBUG TUNER_DEVELOPMENT";
				SWIFT_OPTIMIZATION_LEVEL = "-Onone";
				SWIFT_VERSION = 5.0;
				TARGETED_DEVICE_FAMILY = 1;
			};
			name = Debug;
		};
		00000000000000000000001F /* Release */ = {
			isa = XCBuildConfiguration;
			buildSettings = {
				ASSETCATALOG_COMPILER_GENERATE_SWIFT_ASSET_SYMBOL_EXTENSIONS = YES;
				CLANG_ENABLE_MODULES = YES;
				CODE_SIGN_STYLE = Automatic;
				CURRENT_PROJECT_VERSION = 1;
				DEVELOPMENT_TEAM = HZX4MW4V4G;
				GENERATE_INFOPLIST_FILE = NO;
				INFOPLIST_FILE = PipaTuner/Info.plist;
				IPHONEOS_DEPLOYMENT_TARGET = 16.0;
				MARKETING_VERSION = 1.0;
				PRODUCT_BUNDLE_IDENTIFIER = com.jclp3827.jiaoao;
				PRODUCT_NAME = "$(TARGET_NAME)";
				SDKROOT = iphoneos;
				SWIFT_ACTIVE_COMPILATION_CONDITIONS = "";
				SWIFT_VERSION = 5.0;
				TARGETED_DEVICE_FAMILY = 1;
			};
			name = Release;
		};
		000000000000000000000030 /* Debug */ = {
			isa = XCBuildConfiguration;
			buildSettings = {
				BUNDLE_LOADER = "$(TEST_HOST)";
				CODE_SIGN_STYLE = Automatic;
				CURRENT_PROJECT_VERSION = 1;
				DEVELOPMENT_TEAM = "";
				GENERATE_INFOPLIST_FILE = YES;
				IPHONEOS_DEPLOYMENT_TARGET = 16.0;
				MARKETING_VERSION = 1.0;
				PRODUCT_BUNDLE_IDENTIFIER = com.jclp3827.jiaoaoTests;
				PRODUCT_NAME = "$(TARGET_NAME)";
				SDKROOT = iphoneos;
				SWIFT_OPTIMIZATION_LEVEL = "-Onone";
				SWIFT_VERSION = 5.0;
				TARGETED_DEVICE_FAMILY = 1;
				TEST_HOST = "$(BUILT_PRODUCTS_DIR)/PipaTuner.app/PipaTuner";
			};
			name = Debug;
		};
		000000000000000000000031 /* Release */ = {
			isa = XCBuildConfiguration;
			buildSettings = {
				BUNDLE_LOADER = "$(TEST_HOST)";
				CODE_SIGN_STYLE = Automatic;
				CURRENT_PROJECT_VERSION = 1;
				DEVELOPMENT_TEAM = "";
				GENERATE_INFOPLIST_FILE = YES;
				IPHONEOS_DEPLOYMENT_TARGET = 16.0;
				MARKETING_VERSION = 1.0;
				PRODUCT_BUNDLE_IDENTIFIER = com.jclp3827.jiaoaoTests;
				PRODUCT_NAME = "$(TARGET_NAME)";
				SDKROOT = iphoneos;
				SWIFT_VERSION = 5.0;
				TARGETED_DEVICE_FAMILY = 1;
				TEST_HOST = "$(BUILT_PRODUCTS_DIR)/PipaTuner.app/PipaTuner";
			};
			name = Release;
		};
/* End XCBuildConfiguration section */

/* Begin XCConfigurationList section */
		00000000000000000000001A /* Build configuration list for PBXNativeTarget "PipaTuner" */ = {
			isa = XCConfigurationList;
			buildConfigurations = (
				00000000000000000000001E /* Debug */,
				00000000000000000000001F /* Release */,
			);
			defaultConfigurationIsVisible = 0;
			defaultConfigurationName = Release;
		};
		00000000000000000000001B /* Build configuration list for PBXProject "PipaTuner" */ = {
			isa = XCConfigurationList;
			buildConfigurations = (
				00000000000000000000001C /* Debug */,
				00000000000000000000001D /* Release */,
			);
			defaultConfigurationIsVisible = 0;
			defaultConfigurationName = Release;
		};
		000000000000000000000025 /* Build configuration list for PBXNativeTarget "PipaTunerTests" */ = {
			isa = XCConfigurationList;
			buildConfigurations = (
				000000000000000000000030 /* Debug */,
				000000000000000000000031 /* Release */,
			);
			defaultConfigurationIsVisible = 0;
			defaultConfigurationName = Release;
		};
/* End XCConfigurationList section */
	};
	rootObject = 000000000000000000000000 /* Project object */;
}
